// !$*UTF8*$!
{
	archiveVersion = 1;
	classes = {
	};
	objectVersion = 60;
	objects = {

/* Begin PBXBuildFile section */
		7403AD7B2F36A761002FAF54 /* NeuronGardenColors.swift in Sources */ = {isa = PBXBuildFile; fileRef = 7403AD502F36A761002FAF54 /* NeuronGardenColors.swift */; };
		7403AD7C2F36A761002FAF54 /* NetworkSimulator.swift in Sources */ = {isa = PBXBuildFile; fileRef = 7403AD522F36A761002FAF54 /* NetworkSimulator.swift */; };
		7403AD7D2F36A761002FAF54 /* CampaignProgress.swift in Sources */ = {isa = PBXBuildFile; fileRef = 7403AD542F36A761002FAF54 /* CampaignProgress.swift */; };
		7403AD7E2F36A761002FAF54 /* GameMode.swift in Sources */ = {isa = PBXBuildFile; fileRef = 7403AD552F36A761002FAF54 /* GameMode.swift */; };
		7403AD7F2F36A761002FAF54 /* LevelConfig.swift in Sources */ = {isa = PBXBuildFile; fileRef = 7403AD562F36A761002FAF54 /* LevelConfig.swift */; };
		7403AD802F36A761002FAF54 /* NeuronModels.swift in Sources */ = {isa = PBXBuildFile; fileRef = 7403AD572F36A761002FAF54 /* NeuronModels.swift */; };
		7403AD812F36A761002FAF54 /* CampaignLevelSelectView.swift in Sources */ = {isa = PBXBuildFile; fileRef = 7403AD592F36A761002FAF54 /* CampaignLevelSelectView.swift */; };
		7403AD822F36A761002FAF54 /* CustomLevelsView.swift in Sources */ = {isa = PBXBuildFile; fileRef = 7403AD5B2F36A761002FAF54 /* CustomLevelsView.swift */; };
		7403AD832F36A761002FAF54 /* DailyTasksView.swift in Sources */ = {isa = PBXBuildFile; fileRef = 7403AD5D2F36A761002FAF54 /* DailyTasksView.swift */; };
		7403AD842F36A761002FAF54 /* ExperimentsView.swift in Sources */ = {isa = PBXBuildFile; fileRef = 7403AD5F2F36A761002FAF54 /* ExperimentsView.swift */; };
		7403AD852F36A761002FAF54 /* FreeGrowthView.swift in Sources */ = {isa = PBXBuildFile; fileRef = 7403AD612F36A761002FAF54 /* FreeGrowthView.swift */; };
		7403AD862F36A761002FAF54 /* GameLevelView.swift in Sources */ = {isa = PBXBuildFile; fileRef = 7403AD632F36A761002FAF54 /* GameLevelView.swift */; };
		7403AD872F36A761002FAF54 /* PetriDishView.swift in Sources */ = {isa = PBXBuildFile; fileRef = 7403AD642F36A761002FAF54 /* PetriDishView.swift */; };
		7403AD8B2F36A761002FAF54 /* OnboardingView.swift in Sources */ = {isa = PBXBuildFile; fileRef = 7403AD6A2F36A761002FAF54 /* OnboardingView.swift */; };
		7403AD8C2F36A761002FAF54 /* SettingsView.swift in Sources */ = {isa = PBXBuildFile; fileRef = 7403AD6C2F36A761002FAF54 /* SettingsView.swift */; };
		7403AD8D2F36A761002FAF54 /* MainMenuView.swift in Sources */ = {isa = PBXBuildFile; fileRef = 7403AD6E2F36A761002FAF54 /* MainMenuView.swift */; };
		7403AD8E2F36A761002FAF54 /* AppDelegate.swift in Sources */ = {isa = PBXBuildFile; fileRef = 7403AD702F36A761002FAF54 /* AppDelegate.swift */; };
		7403AD8F2F36A761002FAF54 /* ContentView.swift in Sources */ = {isa = PBXBuildFile; fileRef = 7403AD722F36A761002FAF54 /* ContentView.swift */; };
		7403AD902F36A761002FAF54 /* SceneDelegate.swift in Sources */ = {isa = PBXBuildFile; fileRef = 7403AD782F36A761002FAF54 /* SceneDelegate.swift */; };
		7403AD912F36A761002FAF54 /* ViewController.swift in Sources */ = {isa = PBXBuildFile; fileRef = 7403AD792F36A761002FAF54 /* ViewController.swift */; };
		7403AD922F36A761002FAF54 /* Assets.xcassets in Resources */ = {isa = PBXBuildFile; fileRef = 7403AD712F36A761002FAF54 /* Assets.xcassets */; };
		7403AD942F36A761002FAF54 /* LaunchScreen.storyboard in Resources */ = {isa = PBXBuildFile; fileRef = 7403AD752F36A761002FAF54 /* LaunchScreen.storyboard */; };
		7403AD952F36A761002FAF54 /* Main.storyboard in Resources */ = {isa = PBXBuildFile; fileRef = 7403AD772F36A761002FAF54 /* Main.storyboard */; };
/* End PBXBuildFile section */

/* Begin PBXFileReference section */
		2D25B55832D1E19BBD6099CE /* Pods-76NeuronGarden.release.xcconfig */ = {isa = PBXFileReference; includeInIndex = 1; lastKnownFileType = text.xcconfig; name = "Pods-76NeuronGarden.release.xcconfig"; path = "Target Support Files/Pods-76NeuronGarden/Pods-76NeuronGarden.release.xcconfig"; sourceTree = "<group>"; };
		7403AD502F36A761002FAF54 /* NeuronGardenColors.swift */ = {isa = PBXFileReference; lastKnownFileType = sourcecode.swift; path = NeuronGardenColors.swift; sourceTree = "<group>"; };
		7403AD522F36A761002FAF54 /* NetworkSimulator.swift */ = {isa = PBXFileReference; lastKnownFileType = sourcecode.swift; path = NetworkSimulator.swift; sourceTree = "<group>"; };
		7403AD542F36A761002FAF54 /* CampaignProgress.swift */ = {isa = PBXFileReference; lastKnownFileType = sourcecode.swift; path = CampaignProgress.swift; sourceTree = "<group>"; };
		7403AD552F36A761002FAF54 /* GameMode.swift */ = {isa = PBXFileReference; lastKnownFileType = sourcecode.swift; path = GameMode.swift; sourceTree = "<group>"; };
		7403AD562F36A761002FAF54 /* LevelConfig.swift */ = {isa = PBXFileReference; lastKnownFileType = sourcecode.swift; path = LevelConfig.swift; sourceTree = "<group>"; };
		7403AD572F36A761002FAF54 /* NeuronModels.swift */ = {isa = PBXFileReference; lastKnownFileType = sourcecode.swift; path = NeuronModels.swift; sourceTree = "<group>"; };
		7403AD592F36A761002FAF54 /* CampaignLevelSelectView.swift */ = {isa = PBXFileReference; lastKnownFileType = sourcecode.swift; path = CampaignLevelSelectView.swift; sourceTree = "<group>"; };
		7403AD5B2F36A761002FAF54 /* CustomLevelsView.swift */ = {isa = PBXFileReference; lastKnownFileType = sourcecode.swift; path = CustomLevelsView.swift; sourceTree = "<group>"; };
		7403AD5D2F36A761002FAF54 /* DailyTasksView.swift */ = {isa = PBXFileReference; lastKnownFileType = sourcecode.swift; path = DailyTasksView.swift; sourceTree = "<group>"; };
		7403AD5F2F36A761002FAF54 /* ExperimentsView.swift */ = {isa = PBXFileReference; lastKnownFileType = sourcecode.swift; path = ExperimentsView.swift; sourceTree = "<group>"; };
		7403AD612F36A761002FAF54 /* FreeGrowthView.swift */ = {isa = PBXFileReference; lastKnownFileType = sourcecode.swift; path = FreeGrowthView.swift; sourceTree = "<group>"; };
		7403AD632F36A761002FAF54 /* GameLevelView.swift */ = {isa = PBXFileReference; lastKnownFileType = sourcecode.swift; path = GameLevelView.swift; sourceTree = "<group>"; };
		7403AD642F36A761002FAF54 /* PetriDishView.swift */ = {isa = PBXFileReference; lastKnownFileType = sourcecode.swift; path = PetriDishView.swift; sourceTree = "<group>"; };
		7403AD6A2F36A761002FAF54 /* OnboardingView.swift */ = {isa = PBXFileReference; lastKnownFileType = sourcecode.swift; path = OnboardingView.swift; sourceTree = "<group>"; };
		7403AD6C2F36A761002FAF54 /* SettingsView.swift */ = {isa = PBXFileReference; lastKnownFileType = sourcecode.swift; path = SettingsView.swift; sourceTree = "<group>"; };
		7403AD6E2F36A761002FAF54 /* MainMenuView.swift */ = {isa = PBXFileReference; lastKnownFileType = sourcecode.swift; path = MainMenuView.swift; sourceTree = "<group>"; };
		7403AD702F36A761002FAF54 /* AppDelegate.swift */ = {isa = PBXFileReference; lastKnownFileType = sourcecode.swift; path = AppDelegate.swift; sourceTree = "<group>"; };
		7403AD712F36A761002FAF54 /* Assets.xcassets */ = {isa = PBXFileReference; lastKnownFileType = folder.assetcatalog; path = Assets.xcassets; sourceTree = "<group>"; };
		7403AD722F36A761002FAF54 /* ContentView.swift */ = {isa = PBXFileReference; lastKnownFileType = sourcecode.swift; path = ContentView.swift; sourceTree = "<group>"; };
		7403AD732F36A761002FAF54 /* Info.plist */ = {isa = PBXFileReference; lastKnownFileType = text.plist.xml; path = Info.plist; sourceTree = "<group>"; };
		7403AD742F36A761002FAF54 /* Base */ = {isa = PBXFileReference; lastKnownFileType = file.storyboard; name = Base; path = Base.lproj/LaunchScreen.storyboard; sourceTree = "<group>"; };
		7403AD762F36A761002FAF54 /* Base */ = {isa = PBXFileReference; lastKnownFileType = file.storyboard; name = Base; path = Base.lproj/Main.storyboard; sourceTree = "<group>"; };
		7403AD782F36A761002FAF54 /* SceneDelegate.swift */ = {isa = PBXFileReference; lastKnownFileType = sourcecode.swift; path = SceneDelegate.swift; sourceTree = "<group>"; };
		7403AD792F36A761002FAF54 /* ViewController.swift */ = {isa = PBXFileReference; lastKnownFileType = sourcecode.swift; path = ViewController.swift; sourceTree = "<group>"; };
		745879A12F31F89900356770 /* 76NeuronGarden.app */ = {isa = PBXFileReference; explicitFileType = wrapper.application; includeInIndex = 0; path = 76NeuronGarden.app; sourceTree = BUILT_PRODUCTS_DIR; };
		7569A89DBFCCF9D94213FCF1 /* Pods-76NeuronGarden.debug.xcconfig */ = {isa = PBXFileReference; includeInIndex = 1; lastKnownFileType = text.xcconfig; name = "Pods-76NeuronGarden.debug.xcconfig"; path = "Target Support Files/Pods-76NeuronGarden/Pods-76NeuronGarden.debug.xcconfig"; sourceTree = "<group>"; };
		D425C909BA78A3381E932AF6 /* Pods_76NeuronGarden.framework */ = {isa = PBXFileReference; explicitFileType = wrapper.framework; includeInIndex = 0; path = Pods_76NeuronGarden.framework; sourceTree = BUILT_PRODUCTS_DIR; };
/* End PBXFileReference section */

/* Begin PBXFrameworksBuildPhase section */
		7458799E2F31F89900356770 /* Frameworks */ = {
			isa = PBXFrameworksBuildPhase;
			buildActionMask = 2147483647;
			files = (
			);
			runOnlyForDeploymentPostprocessing = 0;
		};
/* End PBXFrameworksBuildPhase section */

/* Begin PBXGroup section */
		05CBC05B30C489D34710FFF8 /* Frameworks */ = {
			isa = PBXGroup;
			children = (
				D425C909BA78A3381E932AF6 /* Pods_76NeuronGarden.framework */,
			);
			name = Frameworks;
			sourceTree = "<group>";
		};
		7403AD512F36A761002FAF54 /* Design */ = {
			isa = PBXGroup;
			children = (
				7403AD502F36A761002FAF54 /* NeuronGardenColors.swift */,
			);
			path = Design;
			sourceTree = "<group>";
		};
		7403AD532F36A761002FAF54 /* Engine */ = {
			isa = PBXGroup;
			children = (
				7403AD522F36A761002FAF54 /* NetworkSimulator.swift */,
			);
			path = Engine;
			sourceTree = "<group>";
		};
		7403AD582F36A761002FAF54 /* Models */ = {
			isa = PBXGroup;
			children = (
				7403AD542F36A761002FAF54 /* CampaignProgress.swift */,
				7403AD552F36A761002FAF54 /* GameMode.swift */,
				7403AD562F36A761002FAF54 /* LevelConfig.swift */,
				7403AD572F36A761002FAF54 /* NeuronModels.swift */,
			);
			path = Models;
			sourceTree = "<group>";
		};
		7403AD5A2F36A761002FAF54 /* Campaign */ = {
			isa = PBXGroup;
			children = (
				7403AD592F36A761002FAF54 /* CampaignLevelSelectView.swift */,
			);
			path = Campaign;
			sourceTree = "<group>";
		};
		7403AD5C2F36A761002FAF54 /* CustomLevels */ = {
			isa = PBXGroup;
			children = (
				7403AD5B2F36A761002FAF54 /* CustomLevelsView.swift */,
			);
			path = CustomLevels;
			sourceTree = "<group>";
		};
		7403AD5E2F36A761002FAF54 /* DailyTasks */ = {
			isa = PBXGroup;
			children = (
				7403AD5D2F36A761002FAF54 /* DailyTasksView.swift */,
			);
			path = DailyTasks;
			sourceTree = "<group>";
		};
		7403AD602F36A761002FAF54 /* Experiments */ = {
			isa = PBXGroup;
			children = (
				7403AD5F2F36A761002FAF54 /* ExperimentsView.swift */,
			);
			path = Experiments;
			sourceTree = "<group>";
		};
		7403AD622F36A761002FAF54 /* FreeGrowth */ = {
			isa = PBXGroup;
			children = (
				7403AD612F36A761002FAF54 /* FreeGrowthView.swift */,
			);
			path = FreeGrowth;
			sourceTree = "<group>";
		};
		7403AD652F36A761002FAF54 /* Game */ = {
			isa = PBXGroup;
			children = (
				7403AD632F36A761002FAF54 /* GameLevelView.swift */,
				7403AD642F36A761002FAF54 /* PetriDishView.swift */,
			);
			path = Game;
			sourceTree = "<group>";
		};
		7403AD6B2F36A761002FAF54 /* Onboarding */ = {
			isa = PBXGroup;
			children = (
				7403AD6A2F36A761002FAF54 /* OnboardingView.swift */,
			);
			path = Onboarding;
			sourceTree = "<group>";
		};
		7403AD6D2F36A761002FAF54 /* Settings */ = {
			isa = PBXGroup;
			children = (
				7403AD6C2F36A761002FAF54 /* SettingsView.swift */,
			);
			path = Settings;
			sourceTree = "<group>";
		};
		7403AD6F2F36A761002FAF54 /* Views */ = {
			isa = PBXGroup;
			children = (
				7403AD5A2F36A761002FAF54 /* Campaign */,
				7403AD5C2F36A761002FAF54 /* CustomLevels */,
				7403AD5E2F36A761002FAF54 /* DailyTasks */,
				7403AD602F36A761002FAF54 /* Experiments */,
				7403AD622F36A761002FAF54 /* FreeGrowth */,
				7403AD652F36A761002FAF54 /* Game */,
				7403AD6B2F36A761002FAF54 /* Onboarding */,
				7403AD6D2F36A761002FAF54 /* Settings */,
				7403AD6E2F36A761002FAF54 /* MainMenuView.swift */,
			);
			path = Views;
			sourceTree = "<group>";
		};
		7403AD7A2F36A761002FAF54 /* 76NeuronGarden */ = {
			isa = PBXGroup;
			children = (
				7403AD512F36A761002FAF54 /* Design */,
				7403AD532F36A761002FAF54 /* Engine */,
				7403AD582F36A761002FAF54 /* Models */,
				7403AD6F2F36A761002FAF54 /* Views */,
				7403AD702F36A761002FAF54 /* AppDelegate.swift */,
				7403AD712F36A761002FAF54 /* Assets.xcassets */,
				7403AD722F36A761002FAF54 /* ContentView.swift */,
				7403AD732F36A761002FAF54 /* Info.plist */,
				7403AD752F36A761002FAF54 /* LaunchScreen.storyboard */,
				7403AD772F36A761002FAF54 /* Main.storyboard */,
				7403AD782F36A761002FAF54 /* SceneDelegate.swift */,
				7403AD792F36A761002FAF54 /* ViewController.swift */,
			);
			path = 76NeuronGarden;
			sourceTree = "<group>";
		};
		745879982F31F89900356770 = {
			isa = PBXGroup;
			children = (
				7403AD7A2F36A761002FAF54 /* 76NeuronGarden */,
				745879A22F31F89900356770 /* Products */,
				BD793F9275554CD36B1F37A1 /* Pods */,
				05CBC05B30C489D34710FFF8 /* Frameworks */,
			);
			sourceTree = "<group>";
		};
		745879A22F31F89900356770 /* Products */ = {
			isa = PBXGroup;
			children = (
				745879A12F31F89900356770 /* 76NeuronGarden.app */,
			);
			name = Products;
			sourceTree = "<group>";
		};
		BD793F9275554CD36B1F37A1 /* Pods */ = {
			isa = PBXGroup;
			children = (
				7569A89DBFCCF9D94213FCF1 /* Pods-76NeuronGarden.debug.xcconfig */,
				2D25B55832D1E19BBD6099CE /* Pods-76NeuronGarden.release.xcconfig */,
			);
			path = Pods;
			sourceTree = "<group>";
		};
/* End PBXGroup section */

/* Begin PBXNativeTarget section */
		745879A02F31F89900356770 /* 76NeuronGarden */ = {
			isa = PBXNativeTarget;
			buildConfigurationList = 745879B42F31F89B00356770 /* Build configuration list for PBXNativeTarget "76NeuronGarden" */;
			buildPhases = (
				D4B3AEFFBF4DCF67F9633730 /* [CP] Check Pods Manifest.lock */,
				7458799D2F31F89900356770 /* Sources */,
				7458799E2F31F89900356770 /* Frameworks */,
				7458799F2F31F89900356770 /* Resources */,
			);
			buildRules = (
			);
			dependencies = (
			);
			name = 76NeuronGarden;
			productName = 76NeuronGarden;
			productReference = 745879A12F31F89900356770 /* 76NeuronGarden.app */;
			productType = "com.apple.product-type.application";
		};
/* End PBXNativeTarget section */

/* Begin PBXProject section */
		745879992F31F89900356770 /* Project object */ = {
			isa = PBXProject;
			attributes = {
				BuildIndependentTargetsInParallel = 1;
				LastSwiftUpdateCheck = 2620;
				LastUpgradeCheck = 2620;
				TargetAttributes = {
					745879A02F31F89900356770 = {
						CreatedOnToolsVersion = 26.2;
					};
				};
			};
			buildConfigurationList = 7458799C2F31F89900356770 /* Build configuration list for PBXProject "76NeuronGarden" */;
			compatibilityVersion = "Xcode 15.0";
			developmentRegion = en;
			hasScannedForEncodings = 0;
			knownRegions = (
				en,
				Base,
			);
			mainGroup = 745879982F31F89900356770;
			productRefGroup = 745879A22F31F89900356770 /* Products */;
			projectDirPath = "";
			projectRoot = "";
			targets = (
				745879A02F31F89900356770 /* 76NeuronGarden */,
			);
		};
/* End PBXProject section */

/* Begin PBXResourcesBuildPhase section */
		7458799F2F31F89900356770 /* Resources */ = {
			isa = PBXResourcesBuildPhase;
			buildActionMask = 2147483647;
			files = (
				7403AD922F36A761002FAF54 /* Assets.xcassets in Resources */,
				7403AD942F36A761002FAF54 /* LaunchScreen.storyboard in Resources */,
				7403AD952F36A761002FAF54 /* Main.storyboard in Resources */,
			);
			runOnlyForDeploymentPostprocessing = 0;
		};
/* End PBXResourcesBuildPhase section */

/* Begin PBXShellScriptBuildPhase section */
		D4B3AEFFBF4DCF67F9633730 /* [CP] Check Pods Manifest.lock */ = {
			isa = PBXShellScriptBuildPhase;
			buildActionMask = 2147483647;
			files = (
			);
			inputFileListPaths = (
			);
			inputPaths = (
				"${PODS_PODFILE_DIR_PATH}/Podfile.lock",
				"${PODS_ROOT}/Manifest.lock",
			);
			name = "[CP] Check Pods Manifest.lock";
			outputFileListPaths = (
			);
			outputPaths = (
				"$(DERIVED_FILE_DIR)/Pods-76NeuronGarden-checkManifestLockResult.txt",
			);
			runOnlyForDeploymentPostprocessing = 0;
			shellPath = /bin/sh;
			shellScript = "diff \"${PODS_PODFILE_DIR_PATH}/Podfile.lock\" \"${PODS_ROOT}/Manifest.lock\" > /dev/null\nif [ $? != 0 ] ; then\n    # print error to STDERR\n    echo \"error: The sandbox is not in sync with the Podfile.lock. Run 'pod install' or update your CocoaPods installation.\" >&2\n    exit 1\nfi\n# This output is used by Xcode 'outputs' to avoid re-running this script phase.\necho \"SUCCESS\" > \"${SCRIPT_OUTPUT_FILE_0}\"\n";
			showEnvVarsInLog = 0;
		};
/* End PBXShellScriptBuildPhase section */

/* Begin PBXSourcesBuildPhase section */
		7458799D2F31F89900356770 /* Sources */ = {
			isa = PBXSourcesBuildPhase;
			buildActionMask = 2147483647;
			files = (
				7403AD7B2F36A761002FAF54 /* NeuronGardenColors.swift in Sources */,
				7403AD7C2F36A761002FAF54 /* NetworkSimulator.swift in Sources */,
				7403AD7D2F36A761002FAF54 /* CampaignProgress.swift in Sources */,
				7403AD7E2F36A761002FAF54 /* GameMode.swift in Sources */,
				7403AD7F2F36A761002FAF54 /* LevelConfig.swift in Sources */,
				7403AD802F36A761002FAF54 /* NeuronModels.swift in Sources */,
				7403AD812F36A761002FAF54 /* CampaignLevelSelectView.swift in Sources */,
				7403AD822F36A761002FAF54 /* CustomLevelsView.swift in Sources */,
				7403AD832F36A761002FAF54 /* DailyTasksView.swift in Sources */,
				7403AD842F36A761002FAF54 /* ExperimentsView.swift in Sources */,
				7403AD852F36A761002FAF54 /* FreeGrowthView.swift in Sources */,
				7403AD862F36A761002FAF54 /* GameLevelView.swift in Sources */,
				7403AD872F36A761002FAF54 /* PetriDishView.swift in Sources */,
				7403AD8B2F36A761002FAF54 /* OnboardingView.swift in Sources */,
				7403AD8C2F36A761002FAF54 /* SettingsView.swift in Sources */,
				7403AD8D2F36A761002FAF54 /* MainMenuView.swift in Sources */,
				7403AD8E2F36A761002FAF54 /* AppDelegate.swift in Sources */,
				7403AD8F2F36A761002FAF54 /* ContentView.swift in Sources */,
				7403AD902F36A761002FAF54 /* SceneDelegate.swift in Sources */,
				7403AD912F36A761002FAF54 /* ViewController.swift in Sources */,
			);
			runOnlyForDeploymentPostprocessing = 0;
		};
/* End PBXSourcesBuildPhase section */

/* Begin PBXVariantGroup section */
		7403AD752F36A761002FAF54 /* LaunchScreen.storyboard */ = {
			isa = PBXVariantGroup;
			children = (
				7403AD742F36A761002FAF54 /* Base */,
			);
			name = LaunchScreen.storyboard;
			sourceTree = "<group>";
		};
		7403AD772F36A761002FAF54 /* Main.storyboard */ = {
			isa = PBXVariantGroup;
			children = (
				7403AD762F36A761002FAF54 /* Base */,
			);
			name = Main.storyboard;
			sourceTree = "<group>";
		};
/* End PBXVariantGroup section */

/* Begin XCBuildConfiguration section */
		745879B52F31F89B00356770 /* Debug */ = {
			isa = XCBuildConfiguration;
			baseConfigurationReference = 7569A89DBFCCF9D94213FCF1 /* Pods-76NeuronGarden.debug.xcconfig */;
			buildSettings = {
				ASSETCATALOG_COMPILER_APPICON_NAME = AppIcon;
				ASSETCATALOG_COMPILER_GLOBAL_ACCENT_COLOR_NAME = AccentColor;
				CODE_SIGN_STYLE = Automatic;
				CURRENT_PROJECT_VERSION = 2;
				GENERATE_INFOPLIST_FILE = YES;
				INFOPLIST_FILE = 76NeuronGarden/Info.plist;
				INFOPLIST_KEY_CFBundleDisplayName = "Chupo Neuron Garden";
				INFOPLIST_KEY_UIApplicationSupportsIndirectInputEvents = YES;
				INFOPLIST_KEY_UILaunchStoryboardName = LaunchScreen;
				INFOPLIST_KEY_UIMainStoryboardFile = Main;
				INFOPLIST_KEY_UISupportedInterfaceOrientations = UIInterfaceOrientationPortrait;
				INFOPLIST_KEY_UISupportedInterfaceOrientations_iPad = "UIInterfaceOrientationLandscapeLeft UIInterfaceOrientationLandscapeRight UIInterfaceOrientationPortrait UIInterfaceOrientationPortraitUpsideDown";
				IPHONEOS_DEPLOYMENT_TARGET = 17;
				LD_RUNPATH_SEARCH_PATHS = (
					"$(inherited)",
					"@executable_path/Frameworks",
				);
				MARKETING_VERSION = 1.0;
				PRODUCT_BUNDLE_IDENTIFIER = com.sav.ch7p2n31r9ng6r;
				PRODUCT_NAME = "$(TARGET_NAME)";
				STRING_CATALOG_GENERATE_SYMBOLS = YES;
				SUPPORTED_PLATFORMS = "iphoneos iphonesimulator";
				SUPPORTS_MACCATALYST = NO;
				SUPPORTS_MAC_DESIGNED_FOR_IPHONE_IPAD = NO;
				SUPPORTS_XR_DESIGNED_FOR_IPHONE_IPAD = NO;
				SWIFT_APPROACHABLE_CONCURRENCY = YES;
				SWIFT_DEFAULT_ACTOR_ISOLATION = MainActor;
				SWIFT_EMIT_LOC_STRINGS = YES;
				SWIFT_UPCOMING_FEATURE_MEMBER_IMPORT_VISIBILITY = YES;
				SWIFT_VERSION = 5.0;
				TARGETED_DEVICE_FAMILY = 1;
			};
			name = Debug;
		};
		745879B62F31F89B00356770 /* Release */ = {
			isa = XCBuildConfiguration;
			baseConfigurationReference = 2D25B55832D1E19BBD6099CE /* Pods-76NeuronGarden.release.xcconfig */;
			buildSettings = {
				ASSETCATALOG_COMPILER_APPICON_NAME = AppIcon;
				ASSETCATALOG_COMPILER_GLOBAL_ACCENT_COLOR_NAME = AccentColor;
				CODE_SIGN_STYLE = Automatic;
				CURRENT_PROJECT_VERSION = 2;
				GENERATE_INFOPLIST_FILE = YES;
				INFOPLIST_FILE = 76NeuronGarden/Info.plist;
				INFOPLIST_KEY_CFBundleDisplayName = "Chupo Neuron Garden";
				INFOPLIST_KEY_UIApplicationSupportsIndirectInputEvents = YES;
				INFOPLIST_KEY_UILaunchStoryboardName = LaunchScreen;
				INFOPLIST_KEY_UIMainStoryboardFile = Main;
				INFOPLIST_KEY_UISupportedInterfaceOrientations = UIInterfaceOrientationPortrait;
				INFOPLIST_KEY_UISupportedInterfaceOrientations_iPad = "UIInterfaceOrientationLandscapeLeft UIInterfaceOrientationLandscapeRight UIInterfaceOrientationPortrait UIInterfaceOrientationPortraitUpsideDown";
				IPHONEOS_DEPLOYMENT_TARGET = 17;
				LD_RUNPATH_SEARCH_PATHS = (
					"$(inherited)",
					"@executable_path/Frameworks",
				);
				MARKETING_VERSION = 1.0;
				PRODUCT_BUNDLE_IDENTIFIER = com.sav.ch7p2n31r9ng6r;
				PRODUCT_NAME = "$(TARGET_NAME)";
				STRING_CATALOG_GENERATE_SYMBOLS = YES;
				SUPPORTED_PLATFORMS = "iphoneos iphonesimulator";
				SUPPORTS_MACCATALYST = NO;
				SUPPORTS_MAC_DESIGNED_FOR_IPHONE_IPAD = NO;
				SUPPORTS_XR_DESIGNED_FOR_IPHONE_IPAD = NO;
				SWIFT_APPROACHABLE_CONCURRENCY = YES;
				SWIFT_DEFAULT_ACTOR_ISOLATION = MainActor;
				SWIFT_EMIT_LOC_STRINGS = YES;
				SWIFT_UPCOMING_FEATURE_MEMBER_IMPORT_VISIBILITY = YES;
				SWIFT_VERSION = 5.0;
				TARGETED_DEVICE_FAMILY = 1;
			};
			name = Release;
		};
		745879B72F31F89B00356770 /* Debug */ = {
			isa = XCBuildConfiguration;
			buildSettings = {
				ALWAYS_SEARCH_USER_PATHS = NO;
				ASSETCATALOG_COMPILER_GENERATE_SWIFT_ASSET_SYMBOL_EXTENSIONS = YES;
				CLANG_ANALYZER_NONNULL = YES;
				CLANG_ANALYZER_NUMBER_OBJECT_CONVERSION = YES_AGGRESSIVE;
				CLANG_CXX_LANGUAGE_STANDARD = "gnu++20";
				CLANG_ENABLE_MODULES = YES;
				CLANG_ENABLE_OBJC_ARC = YES;
				CLANG_ENABLE_OBJC_WEAK = YES;
				CLANG_WARN_BLOCK_CAPTURE_AUTORELEASING = YES;
				CLANG_WARN_BOOL_CONVERSION = YES;
				CLANG_WARN_COMMA = YES;
				CLANG_WARN_CONSTANT_CONVERSION = YES;
				CLANG_WARN_DEPRECATED_OBJC_IMPLEMENTATIONS = YES;
				CLANG_WARN_DIRECT_OBJC_ISA_USAGE = YES_ERROR;
				CLANG_WARN_DOCUMENTATION_COMMENTS = YES;
				CLANG_WARN_EMPTY_BODY = YES;
				CLANG_WARN_ENUM_CONVERSION = YES;
				CLANG_WARN_INFINITE_RECURSION = YES;
				CLANG_WARN_INT_CONVERSION = YES;
				CLANG_WARN_NON_LITERAL_NULL_CONVERSION = YES;
				CLANG_WARN_OBJC_IMPLICIT_RETAIN_SELF = YES;
				CLANG_WARN_OBJC_LITERAL_CONVERSION = YES;
				CLANG_WARN_OBJC_ROOT_CLASS = YES_ERROR;
				CLANG_WARN_QUOTED_INCLUDE_IN_FRAMEWORK_HEADER = YES;
				CLANG_WARN_RANGE_LOOP_ANALYSIS = YES;
				CLANG_WARN_STRICT_PROTOTYPES = YES;
				CLANG_WARN_SUSPICIOUS_MOVE = YES;
				CLANG_WARN_UNGUARDED_AVAILABILITY = YES_AGGRESSIVE;
				CLANG_WARN_UNREACHABLE_CODE = YES;
				CLANG_WARN__DUPLICATE_METHOD_MATCH = YES;
				COPY_PHASE_STRIP = NO;
				DEBUG_INFORMATION_FORMAT = dwarf;
				ENABLE_STRICT_OBJC_MSGSEND = YES;
				ENABLE_TESTABILITY = YES;
				ENABLE_USER_SCRIPT_SANDBOXING = YES;
				GCC_C_LANGUAGE_STANDARD = gnu17;
				GCC_DYNAMIC_NO_PIC = NO;
				GCC_NO_COMMON_BLOCKS = YES;
				GCC_OPTIMIZATION_LEVEL = 0;
				GCC_PREPROCESSOR_DEFINITIONS = (
					"DEBUG=1",
					"$(inherited)",
				);
				GCC_WARN_64_TO_32_BIT_CONVERSION = YES;
				GCC_WARN_ABOUT_RETURN_TYPE = YES_ERROR;
				GCC_WARN_UNDECLARED_SELECTOR = YES;
				GCC_WARN_UNINITIALIZED_AUTOS = YES_AGGRESSIVE;
				GCC_WARN_UNUSED_FUNCTION = YES;
				GCC_WARN_UNUSED_VARIABLE = YES;
				IPHONEOS_DEPLOYMENT_TARGET = 26.2;
				LOCALIZATION_PREFERS_STRING_CATALOGS = YES;
				MTL_ENABLE_DEBUG_INFO = INCLUDE_SOURCE;
				MTL_FAST_MATH = YES;
				ONLY_ACTIVE_ARCH = YES;
				SDKROOT = iphoneos;
				SWIFT_ACTIVE_COMPILATION_CONDITIONS = "DEBUG $(inherited)";
				SWIFT_OPTIMIZATION_LEVEL = "-Onone";
			};
			name = Debug;
		};
		745879B82F31F89B00356770 /* Release */ = {
			isa = XCBuildConfiguration;
			buildSettings = {
				ALWAYS_SEARCH_USER_PATHS = NO;
				ASSETCATALOG_COMPILER_GENERATE_SWIFT_ASSET_SYMBOL_EXTENSIONS = YES;
				CLANG_ANALYZER_NONNULL = YES;
				CLANG_ANALYZER_NUMBER_OBJECT_CONVERSION = YES_AGGRESSIVE;
				CLANG_CXX_LANGUAGE_STANDARD = "gnu++20";
				CLANG_ENABLE_MODULES = YES;
				CLANG_ENABLE_OBJC_ARC = YES;
				CLANG_ENABLE_OBJC_WEAK = YES;
				CLANG_WARN_BLOCK_CAPTURE_AUTORELEASING = YES;
				CLANG_WARN_BOOL_CONVERSION = YES;
				CLANG_WARN_COMMA = YES;
				CLANG_WARN_CONSTANT_CONVERSION = YES;
				CLANG_WARN_DEPRECATED_OBJC_IMPLEMENTATIONS = YES;
				CLANG_WARN_DIRECT_OBJC_ISA_USAGE = YES_ERROR;
				CLANG_WARN_DOCUMENTATION_COMMENTS = YES;
				CLANG_WARN_EMPTY_BODY = YES;
				CLANG_WARN_ENUM_CONVERSION = YES;
				CLANG_WARN_INFINITE_RECURSION = YES;
				CLANG_WARN_INT_CONVERSION = YES;
				CLANG_WARN_NON_LITERAL_NULL_CONVERSION = YES;
				CLANG_WARN_OBJC_IMPLICIT_RETAIN_SELF = YES;
				CLANG_WARN_OBJC_LITERAL_CONVERSION = YES;
				CLANG_WARN_OBJC_ROOT_CLASS = YES_ERROR;
				CLANG_WARN_QUOTED_INCLUDE_IN_FRAMEWORK_HEADER = YES;
				CLANG_WARN_RANGE_LOOP_ANALYSIS = YES;
				CLANG_WARN_STRICT_PROTOTYPES = YES;
				CLANG_WARN_SUSPICIOUS_MOVE = YES;
				CLANG_WARN_UNGUARDED_AVAILABILITY = YES_AGGRESSIVE;
				CLANG_WARN_UNREACHABLE_CODE = YES;
				CLANG_WARN__DUPLICATE_METHOD_MATCH = YES;
				COPY_PHASE_STRIP = NO;
				DEBUG_INFORMATION_FORMAT = "dwarf-with-dsym";
				ENABLE_NS_ASSERTIONS = NO;
				ENABLE_STRICT_OBJC_MSGSEND = YES;
				ENABLE_USER_SCRIPT_SANDBOXING = YES;
				GCC_C_LANGUAGE_STANDARD = gnu17;
				GCC_NO_COMMON_BLOCKS = YES;
				GCC_WARN_64_TO_32_BIT_CONVERSION = YES;
				GCC_WARN_ABOUT_RETURN_TYPE = YES_ERROR;
				GCC_WARN_UNDECLARED_SELECTOR = YES;
				GCC_WARN_UNINITIALIZED_AUTOS = YES_AGGRESSIVE;
				GCC_WARN_UNUSED_FUNCTION = YES;
				GCC_WARN_UNUSED_VARIABLE = YES;
				IPHONEOS_DEPLOYMENT_TARGET = 26.2;
				LOCALIZATION_PREFERS_STRING_CATALOGS = YES;
				MTL_ENABLE_DEBUG_INFO = NO;
				MTL_FAST_MATH = YES;
				SDKROOT = iphoneos;
				SWIFT_COMPILATION_MODE = wholemodule;
				VALIDATE_PRODUCT = YES;
			};
			name = Release;
		};
/* End XCBuildConfiguration section */

/* Begin XCConfigurationList section */
		7458799C2F31F89900356770 /* Build configuration list for PBXProject "76NeuronGarden" */ = {
			isa = XCConfigurationList;
			buildConfigurations = (
				745879B72F31F89B00356770 /* Debug */,
				745879B82F31F89B00356770 /* Release */,
			);
			defaultConfigurationIsVisible = 0;
			defaultConfigurationName = Release;
		};
		745879B42F31F89B00356770 /* Build configuration list for PBXNativeTarget "76NeuronGarden" */ = {
			isa = XCConfigurationList;
			buildConfigurations = (
				745879B52F31F89B00356770 /* Debug */,
				745879B62F31F89B00356770 /* Release */,
			);
			defaultConfigurationIsVisible = 0;
			defaultConfigurationName = Release;
		};
/* End XCConfigurationList section */
	};
	rootObject = 745879992F31F89900356770 /* Project object */;
}
